
Microsoft Visual Studio Solution File, Format Version 12.00
# Visual Studio Version 16
VisualStudioVersion = 16.0.30711.63
MinimumVisualStudioVersion = 10.0.40219.1
Project("{803FD0C6-D64E-4E16-9DC3-1DAEC859A3D2}") = "RelayLoader", "RelayLoader.vgdbcmake", "{A79FDA5D-12E6-4E0E-95E2-474A7F7D76FF}"
EndProject
Global
	GlobalSection(SolutionConfigurationPlatforms) = preSolution
		Debug|VisualGDB = Debug|VisualGDB
		MinSizeRel|VisualGDB = MinSizeRel|VisualGDB
		Release|VisualGDB = Release|VisualGDB
		RelWithDebInfo|VisualGDB = RelWithDebInfo|VisualGDB
	EndGlobalSection
	GlobalSection(ProjectConfigurationPlatforms) = postSolution
		{A79FDA5D-12E6-4E0E-95E2-474A7F7D76FF}.Debug|VisualGDB.ActiveCfg = Debug|VisualGDB
		{A79FDA5D-12E6-4E0E-95E2-474A7F7D76FF}.Debug|VisualGDB.Build.0 = Debug|VisualGDB
		{A79FDA5D-12E6-4E0E-95E2-474A7F7D76FF}.MinSizeRel|VisualGDB.ActiveCfg = MinSizeRel|VisualGDB
		{A79FDA5D-12E6-4E0E-95E2-474A7F7D76FF}.MinSizeRel|VisualGDB.Build.0 = MinSizeRel|VisualGDB
		{A79FDA5D-12E6-4E0E-95E2-474A7F7D76FF}.Release|VisualGDB.ActiveCfg = Release|VisualGDB
		{A79FDA5D-12E6-4E0E-95E2-474A7F7D76FF}.Release|VisualGDB.Build.0 = Release|VisualGDB
		{A79FDA5D-12E6-4E0E-95E2-474A7F7D76FF}.RelWithDebInfo|VisualGDB.ActiveCfg = RelWithDebInfo|VisualGDB
		{A79FDA5D-12E6-4E0E-95E2-474A7F7D76FF}.RelWithDebInfo|VisualGDB.Build.0 = RelWithDebInfo|VisualGDB
	EndGlobalSection
	GlobalSection(SolutionProperties) = preSolution
		HideSolutionNode = FALSE
	EndGlobalSection
	GlobalSection(ExtensibilityGlobals) = postSolution
		SolutionGuid = {52471BD5-4C34-47E0-A933-54B35CFAFC3D}
	EndGlobalSection
EndGlobal
